// !$*UTF8*$!
{
	archiveVersion = 1;
	classes = {
	};
	objectVersion = 46;
	objects = {

/* Begin PBXBuildFile section */
		20435ACA1E89904F00823568 /* AppDelegate.swift in Sources */ = {isa = PBXBuildFile; fileRef = 20435AC91E89904F00823568 /* AppDelegate.swift */; };
		20435ACC1E89904F00823568 /* ViewController.swift in Sources */ = {isa = PBXBuildFile; fileRef = 20435ACB1E89904F00823568 /* ViewController.swift */; };
		20435ACF1E89904F00823568 /* Main.storyboard in Resources */ = {isa = PBXBuildFile; fileRef = 20435ACD1E89904F00823568 /* Main.storyboard */; };
		20435AD11E89904F00823568 /* Assets.xcassets in Resources */ = {isa = PBXBuildFile; fileRef = 20435AD01E89904F00823568 /* Assets.xcassets */; };
		20435AD41E89904F00823568 /* LaunchScreen.storyboard in Resources */ = {isa = PBXBuildFile; fileRef = 20435AD21E89904F00823568 /* LaunchScreen.storyboard */; };
		208C81621E89A6DC00F3C09C /* webview.html in Resources */ = {isa = PBXBuildFile; fileRef = 208C81611E89A6DC00F3C09C /* webview.html */; };
		208C81641E89EFA300F3C09C /* 6503ac69-8940-4e60-b56e-96d8a77d93c6.jpeg in Resources */ = {isa = PBXBuildFile; fileRef = 208C81631E89EFA300F3C09C /* 6503ac69-8940-4e60-b56e-96d8a77d93c6.jpeg */; };
		208C81661E89EFF500F3C09C /* CustomCell.swift in Sources */ = {isa = PBXBuildFile; fileRef = 208C81651E89EFF500F3C09C /* CustomCell.swift */; };
		208C81681E89F03600F3C09C /* FirstViewController.swift in Sources */ = {isa = PBXBuildFile; fileRef = 208C81671E89F03600F3C09C /* FirstViewController.swift */; };
		208C816A1E89F03E00F3C09C /* SecondaryViewController.swift in Sources */ = {isa = PBXBuildFile; fileRef = 208C81691E89F03E00F3C09C /* SecondaryViewController.swift */; };
		208C816C1E89F4C200F3C09C /* DetailViewController.swift in Sources */ = {isa = PBXBuildFile; fileRef = 208C816B1E89F4C200F3C09C /* DetailViewController.swift */; };
/* End PBXBuildFile section */

/* Begin PBXFileReference section */
		20435AC61E89904F00823568 /* Semana4.app */ = {isa = PBXFileReference; explicitFileType = wrapper.application; includeInIndex = 0; path = Semana4.app; sourceTree = BUILT_PRODUCTS_DIR; };
		20435AC91E89904F00823568 /* AppDelegate.swift */ = {isa = PBXFileReference; lastKnownFileType = sourcecode.swift; path = AppDelegate.swift; sourceTree = "<group>"; };
		20435ACB1E89904F00823568 /* ViewController.swift */ = {isa = PBXFileReference; lastKnownFileType = sourcecode.swift; path = ViewController.swift; sourceTree = "<group>"; };
		20435ACE1E89904F00823568 /* Base */ = {isa = PBXFileReference; lastKnownFileType = file.storyboard; name = Base; path = Base.lproj/Main.storyboard; sourceTree = "<group>"; };
		20435AD01E89904F00823568 /* Assets.xcassets */ = {isa = PBXFileReference; lastKnownFileType = folder.assetcatalog; path = Assets.xcassets; sourceTree = "<group>"; };
		20435AD31E89904F00823568 /* Base */ = {isa = PBXFileReference; lastKnownFileType = file.storyboard; name = Base; path = Base.lproj/LaunchScreen.storyboard; sourceTree = "<group>"; };
		20435AD51E89904F00823568 /* Info.plist */ = {isa = PBXFileReference; lastKnownFileType = text.plist.xml; path = Info.plist; sourceTree = "<group>"; };
		208C81611E89A6DC00F3C09C /* webview.html */ = {isa = PBXFileReference; fileEncoding = 4; lastKnownFileType = text.html; path = webview.html; sourceTree = "<group>"; };
		208C81631E89EFA300F3C09C /* 6503ac69-8940-4e60-b56e-96d8a77d93c6.jpeg */ = {isa = PBXFileReference; lastKnownFileType = image.jpeg; path = "6503ac69-8940-4e60-b56e-96d8a77d93c6.jpeg"; sourceTree = "<group>"; };
		208C81651E89EFF500F3C09C /* CustomCell.swift */ = {isa = PBXFileReference; fileEncoding = 4; lastKnownFileType = sourcecode.swift; path = CustomCell.swift; sourceTree = "<group>"; };
		208C81671E89F03600F3C09C /* FirstViewController.swift */ = {isa = PBXFileReference; fileEncoding = 4; lastKnownFileType = sourcecode.swift; path = FirstViewController.swift; sourceTree = "<group>"; };
		208C81691E89F03E00F3C09C /* SecondaryViewController.swift */ = {isa = PBXFileReference; fileEncoding = 4; lastKnownFileType = sourcecode.swift; path = SecondaryViewController.swift; sourceTree = "<group>"; };
		208C816B1E89F4C200F3C09C /* DetailViewController.swift */ = {isa = PBXFileReference; fileEncoding = 4; lastKnownFileType = sourcecode.swift; path = DetailViewController.swift; sourceTree = "<group>"; };
/* End PBXFileReference section */

/* Begin PBXFrameworksBuildPhase section */
		20435AC31E89904E00823568 /* Frameworks */ = {
			isa = PBXFrameworksBuildPhase;
			buildActionMask = 2147483647;
			files = (
			);
			runOnlyForDeploymentPostprocessing = 0;
		};
/* End PBXFrameworksBuildPhase section */

/* Begin PBXGroup section */
		20435ABD1E89904E00823568 = {
			isa = PBXGroup;
			children = (
				20435AC81E89904F00823568 /* Semana4 */,
				20435AC71E89904F00823568 /* Products */,
			);
			sourceTree = "<group>";
		};
		20435AC71E89904F00823568 /* Products */ = {
			isa = PBXGroup;
			children = (
				20435AC61E89904F00823568 /* Semana4.app */,
			);
			name = Products;
			sourceTree = "<group>";
		};
		20435AC81E89904F00823568 /* Semana4 */ = {
			isa = PBXGroup;
			children = (
				208C81631E89EFA300F3C09C /* 6503ac69-8940-4e60-b56e-96d8a77d93c6.jpeg */,
				20435AC91E89904F00823568 /* AppDelegate.swift */,
				20435ACB1E89904F00823568 /* ViewController.swift */,
				20435ACD1E89904F00823568 /* Main.storyboard */,
				20435AD01E89904F00823568 /* Assets.xcassets */,
				20435AD21E89904F00823568 /* LaunchScreen.storyboard */,
				20435AD51E89904F00823568 /* Info.plist */,
				208C81611E89A6DC00F3C09C /* webview.html */,
				208C81651E89EFF500F3C09C /* CustomCell.swift */,
				208C81671E89F03600F3C09C /* FirstViewController.swift */,
				208C81691E89F03E00F3C09C /* SecondaryViewController.swift */,
				208C816B1E89F4C200F3C09C /* DetailViewController.swift */,
			);
			path = Semana4;
			sourceTree = "<group>";
		};
/* End PBXGroup section */

/* Begin PBXNativeTarget section */
		20435AC51E89904E00823568 /* Semana4 */ = {
			isa = PBXNativeTarget;
			buildConfigurationList = 20435AD81E89904F00823568 /* Build configuration list for PBXNativeTarget "Semana4" */;
			buildPhases = (
				20435AC21E89904E00823568 /* Sources */,
				20435AC31E89904E00823568 /* Frameworks */,
				20435AC41E89904E00823568 /* Resources */,
			);
			buildRules = (
			);
			dependencies = (
			);
			name = Semana4;
			productName = Semana4;
			productReference = 20435AC61E89904F00823568 /* Semana4.app */;
			productType = "com.apple.product-type.application";
		};
/* End PBXNativeTarget section */

/* Begin PBXProject section */
		20435ABE1E89904E00823568 /* Project object */ = {
			isa = PBXProject;
			attributes = {
				LastSwiftUpdateCheck = 0820;
				LastUpgradeCheck = 0820;
				ORGANIZATIONNAME = "Alex Mejicanos";
				TargetAttributes = {
					20435AC51E89904E00823568 = {
						CreatedOnToolsVersion = 8.2.1;
						ProvisioningStyle = Automatic;
					};
				};
			};
			buildConfigurationList = 20435AC11E89904E00823568 /* Build configuration list for PBXProject "Semana4" */;
			compatibilityVersion = "Xcode 3.2";
			developmentRegion = English;
			hasScannedForEncodings = 0;
			knownRegions = (
				en,
				Base,
			);
			mainGroup = 20435ABD1E89904E00823568;
			productRefGroup = 20435AC71E89904F00823568 /* Products */;
			projectDirPath = "";
			projectRoot = "";
			targets = (
				20435AC51E89904E00823568 /* Semana4 */,
			);
		};
/* End PBXProject section */

/* Begin PBXResourcesBuildPhase section */
		20435AC41E89904E00823568 /* Resources */ = {
			isa = PBXResourcesBuildPhase;
			buildActionMask = 2147483647;
			files = (
				208C81641E89EFA300F3C09C /* 6503ac69-8940-4e60-b56e-96d8a77d93c6.jpeg in Resources */,
				208C81621E89A6DC00F3C09C /* webview.html in Resources */,
				20435AD41E89904F00823568 /* LaunchScreen.storyboard in Resources */,
				20435AD11E89904F00823568 /* Assets.xcassets in Resources */,
				20435ACF1E89904F00823568 /* Main.storyboard in Resources */,
			);
			runOnlyForDeploymentPostprocessing = 0;
		};
/* End PBXResourcesBuildPhase section */

/* Begin PBXSourcesBuildPhase section */
		20435AC21E89904E00823568 /* Sources */ = {
			isa = PBXSourcesBuildPhase;
			buildActionMask = 2147483647;
			files = (
				20435ACC1E89904F00823568 /* ViewController.swift in Sources */,
				208C81661E89EFF500F3C09C /* CustomCell.swift in Sources */,
				20435ACA1E89904F00823568 /* AppDelegate.swift in Sources */,
				208C816C1E89F4C200F3C09C /* DetailViewController.swift in Sources */,
				208C81681E89F03600F3C09C /* FirstViewController.swift in Sources */,
				208C816A1E89F03E00F3C09C /* SecondaryViewController.swift in Sources */,
			);
			runOnlyForDeploymentPostprocessing = 0;
		};
/* End PBXSourcesBuildPhase section */

/* Begin PBXVariantGroup section */
		20435ACD1E89904F00823568 /* Main.storyboard */ = {
			isa = PBXVariantGroup;
			children = (
				20435ACE1E89904F00823568 /* Base */,
			);
			name = Main.storyboard;
			sourceTree = "<group>";
		};
		20435AD21E89904F00823568 /* LaunchScreen.storyboard */ = {
			isa = PBXVariantGroup;
			children = (
				20435AD31E89904F00823568 /* Base */,
			);
			name = LaunchScreen.storyboard;
			sourceTree = "<group>";
		};
/* End PBXVariantGroup section */

/* Begin XCBuildConfiguration section */
		20435AD61E89904F00823568 /* Debug */ = {
			isa = XCBuildConfiguration;
			buildSettings = {
				ALWAYS_SEARCH_USER_PATHS = NO;
				CLANG_ANALYZER_NONNULL = YES;
				CLANG_CXX_LANGUAGE_STANDARD = "gnu++0x";
				CLANG_CXX_LIBRARY = "libc++";
				CLANG_ENABLE_MODULES = YES;
				CLANG_ENABLE_OBJC_ARC = YES;
				CLANG_WARN_BOOL_CONVERSION = YES;
				CLANG_WARN_CONSTANT_CONVERSION = YES;
				CLANG_WARN_DIRECT_OBJC_ISA_USAGE = YES_ERROR;
				CLANG_WARN_DOCUMENTATION_COMMENTS = YES;
				CLANG_WARN_EMPTY_BODY = YES;
				CLANG_WARN_ENUM_CONVERSION = YES;
				CLANG_WARN_INFINITE_RECURSION = YES;
				CLANG_WARN_INT_CONVERSION = YES;
				CLANG_WARN_OBJC_ROOT_CLASS = YES_ERROR;
				CLANG_WARN_SUSPICIOUS_MOVE = YES;
				CLANG_WARN_UNREACHABLE_CODE = YES;
				CLANG_WARN__DUPLICATE_METHOD_MATCH = YES;
				"CODE_SIGN_IDENTITY[sdk=iphoneos*]" = "iPhone Developer";
				COPY_PHASE_STRIP = NO;
				DEBUG_INFORMATION_FORMAT = dwarf;
				ENABLE_STRICT_OBJC_MSGSEND = YES;
				ENABLE_TESTABILITY = YES;
				GCC_C_LANGUAGE_STANDARD = gnu99;
				GCC_DYNAMIC_NO_PIC = NO;
				GCC_NO_COMMON_BLOCKS = YES;
				GCC_OPTIMIZATION_LEVEL = 0;
				GCC_PREPROCESSOR_DEFINITIONS = (
					"DEBUG=1",
					"$(inherited)",
				);
				GCC_WARN_64_TO_32_BIT_CONVERSION = YES;
				GCC_WARN_ABOUT_RETURN_TYPE = YES_ERROR;
				GCC_WARN_UNDECLARED_SELECTOR = YES;
				GCC_WARN_UNINITIALIZED_AUTOS = YES_AGGRESSIVE;
				GCC_WARN_UNUSED_FUNCTION = YES;
				GCC_WARN_UNUSED_VARIABLE = YES;
				IPHONEOS_DEPLOYMENT_TARGET = 10.2;
				MTL_ENABLE_DEBUG_INFO = YES;
				ONLY_ACTIVE_ARCH = YES;
				SDKROOT = iphoneos;
				SWIFT_ACTIVE_COMPILATION_CONDITIONS = DEBUG;
				SWIFT_OPTIMIZATION_LEVEL = "-Onone";
			};
			name = Debug;
		};
		20435AD71E89904F00823568 /* Release */ = {
			isa = XCBuildConfiguration;
			buildSettings = {
				ALWAYS_SEARCH_USER_PATHS = NO;
				CLANG_ANALYZER_NONNULL = YES;
				CLANG_CXX_LANGUAGE_STANDARD = "gnu++0x";
				CLANG_CXX_LIBRARY = "libc++";
				CLANG_ENABLE_MODULES = YES;
				CLANG_ENABLE_OBJC_ARC = YES;
				CLANG_WARN_BOOL_CONVERSION = YES;
				CLANG_WARN_CONSTANT_CONVERSION = YES;
				CLANG_WARN_DIRECT_OBJC_ISA_USAGE = YES_ERROR;
				CLANG_WARN_DOCUMENTATION_COMMENTS = YES;
				CLANG_WARN_EMPTY_BODY = YES;
				CLANG_WARN_ENUM_CONVERSION = YES;
				CLANG_WARN_INFINITE_RECURSION = YES;
				CLANG_WARN_INT_CONVERSION = YES;
				CLANG_WARN_OBJC_ROOT_CLASS = YES_ERROR;
				CLANG_WARN_SUSPICIOUS_MOVE = YES;
				CLANG_WARN_UNREACHABLE_CODE = YES;
				CLANG_WARN__DUPLICATE_METHOD_MATCH = YES;
				"CODE_SIGN_IDENTITY[sdk=iphoneos*]" = "iPhone Developer";
				COPY_PHASE_STRIP = NO;
				DEBUG_INFORMATION_FORMAT = "dwarf-with-dsym";
				ENABLE_NS_ASSERTIONS = NO;
				ENABLE_STRICT_OBJC_MSGSEND = YES;
				GCC_C_LANGUAGE_STANDARD = gnu99;
				GCC_NO_COMMON_BLOCKS = YES;
				GCC_WARN_64_TO_32_BIT_CONVERSION = YES;
				GCC_WARN_ABOUT_RETURN_TYPE = YES_ERROR;
				GCC_WARN_UNDECLARED_SELECTOR = YES;
				GCC_WARN_UNINITIALIZED_AUTOS = YES_AGGRESSIVE;
				GCC_WARN_UNUSED_FUNCTION = YES;
				GCC_WARN_UNUSED_VARIABLE = YES;
				IPHONEOS_DEPLOYMENT_TARGET = 10.2;
				MTL_ENABLE_DEBUG_INFO = NO;
				SDKROOT = iphoneos;
				SWIFT_OPTIMIZATION_LEVEL = "-Owholemodule";
				VALIDATE_PRODUCT = YES;
			};
			name = Release;
		};
		20435AD91E89904F00823568 /* Debug */ = {
			isa = XCBuildConfiguration;
			buildSettings = {
				ASSETCATALOG_COMPILER_APPICON_NAME = AppIcon;
				INFOPLIST_FILE = Semana4/Info.plist;
				LD_RUNPATH_SEARCH_PATHS = "$(inherited) @executable_path/Frameworks";
				PRODUCT_BUNDLE_IDENTIFIER = com.tec.Semana4;
				PRODUCT_NAME = "$(TARGET_NAME)";
				SWIFT_VERSION = 3.0;
			};
			name = Debug;
		};
		20435ADA1E89904F00823568 /* Release */ = {
			isa = XCBuildConfiguration;
			buildSettings = {
				ASSETCATALOG_COMPILER_APPICON_NAME = AppIcon;
				INFOPLIST_FILE = Semana4/Info.plist;
				LD_RUNPATH_SEARCH_PATHS = "$(inherited) @executable_path/Frameworks";
				PRODUCT_BUNDLE_IDENTIFIER = com.tec.Semana4;
				PRODUCT_NAME = "$(TARGET_NAME)";
				SWIFT_VERSION = 3.0;
			};
			name = Release;
		};
/* End XCBuildConfiguration section */

/* Begin XCConfigurationList section */
		20435AC11E89904E00823568 /* Build configuration list for PBXProject "Semana4" */ = {
			isa = XCConfigurationList;
			buildConfigurations = (
				20435AD61E89904F00823568 /* Debug */,
				20435AD71E89904F00823568 /* Release */,
			);
			defaultConfigurationIsVisible = 0;
			defaultConfigurationName = Release;
		};
		20435AD81E89904F00823568 /* Build configuration list for PBXNativeTarget "Semana4" */ = {
			isa = XCConfigurationList;
			buildConfigurations = (
				20435AD91E89904F00823568 /* Debug */,
				20435ADA1E89904F00823568 /* Release */,
			);
			defaultConfigurationIsVisible = 0;
			defaultConfigurationName = Release;
		};
/* End XCConfigurationList section */
	};
	rootObject = 20435ABE1E89904E00823568 /* Project object */;
}
